
Microsoft Visual Studio Solution File, Format Version 12.00
# Visual Studio 15
VisualStudioVersion = 15.0.28307.539
MinimumVisualStudioVersion = 10.0.40219.1
Project("{FAE04EC0-301F-11D3-BF4B-00C04F79EFBC}") = "DemoMultiTenancy.Api", "DemoMultiTenancy.Api\DemoMultiTenancy.Api.csproj", "{719655BE-6B25-4900-B9B9-8F5D59C8767A}"
EndProject
Project("{FAE04EC0-301F-11D3-BF4B-00C04F79EFBC}") = "Plugins.Abstractions", "Plugins.Abstractions\Plugins.Abstractions.csproj", "{838139A4-FA0B-474D-B1A9-F3C60C4C8CA0}"
EndProject
Project("{FAE04EC0-301F-11D3-BF4B-00C04F79EFBC}") = "Plugins.DependencyInjection.AspNetCore", "Plugins.DependencyInjection.AspNetCore\Plugins.DependencyInjection.AspNetCore.csproj", "{2993D49A-E159-4887-B78D-D7E3F831E20A}"
EndProject
Project("{FAE04EC0-301F-11D3-BF4B-00C04F79EFBC}") = "Plugins.Tools", "Plugins.Tools\Plugins.Tools.csproj", "{E2639548-45E4-40B6-84B4-93C2C129EBCD}"
EndProject
Project("{FAE04EC0-301F-11D3-BF4B-00C04F79EFBC}") = "DemoMultiTenancy.Services.Abstractions", "DemoMultiTenancy.Services.Abstractions\DemoMultiTenancy.Services.Abstractions.csproj", "{D6B7274D-B4DD-4C1C-890F-C4C6EC51BF25}"
EndProject
Project("{9A19103F-16F7-4668-BE54-9A1E7A4F7556}") = "Tenants.Services.Tenant1", "Tenants.Services.Tenant1\Tenants.Services.Tenant1.csproj", "{2133717B-BD4E-4133-9216-19A85E3625F3}"
EndProject
Project("{9A19103F-16F7-4668-BE54-9A1E7A4F7556}") = "Tenants.Services.Tenant2", "Tenants.Services.Tenant2\Tenants.Services.Tenant2.csproj", "{5EA6608F-6709-4A85-A818-F455BACEF322}"
EndProject
Global
	GlobalSection(SolutionConfigurationPlatforms) = preSolution
		Debug|Any CPU = Debug|Any CPU
		Release|Any CPU = Release|Any CPU
	EndGlobalSection
	GlobalSection(ProjectConfigurationPlatforms) = postSolution
		{719655BE-6B25-4900-B9B9-8F5D59C8767A}.Debug|Any CPU.ActiveCfg = Debug|Any CPU
		{719655BE-6B25-4900-B9B9-8F5D59C8767A}.Debug|Any CPU.Build.0 = Debug|Any CPU
		{719655BE-6B25-4900-B9B9-8F5D59C8767A}.Release|Any CPU.ActiveCfg = Release|Any CPU
		{719655BE-6B25-4900-B9B9-8F5D59C8767A}.Release|Any CPU.Build.0 = Release|Any CPU
		{838139A4-FA0B-474D-B1A9-F3C60C4C8CA0}.Debug|Any CPU.ActiveCfg = Debug|Any CPU
		{838139A4-FA0B-474D-B1A9-F3C60C4C8CA0}.Debug|Any CPU.Build.0 = Debug|Any CPU
		{838139A4-FA0B-474D-B1A9-F3C60C4C8CA0}.Release|Any CPU.ActiveCfg = Release|Any CPU
		{838139A4-FA0B-474D-B1A9-F3C60C4C8CA0}.Release|Any CPU.Build.0 = Release|Any CPU
		{2993D49A-E159-4887-B78D-D7E3F831E20A}.Debug|Any CPU.ActiveCfg = Debug|Any CPU
		{2993D49A-E159-4887-B78D-D7E3F831E20A}.Debug|Any CPU.Build.0 = Debug|Any CPU
		{2993D49A-E159-4887-B78D-D7E3F831E20A}.Release|Any CPU.ActiveCfg = Release|Any CPU
		{2993D49A-E159-4887-B78D-D7E3F831E20A}.Release|Any CPU.Build.0 = Release|Any CPU
		{E2639548-45E4-40B6-84B4-93C2C129EBCD}.Debug|Any CPU.ActiveCfg = Debug|Any CPU
		{E2639548-45E4-40B6-84B4-93C2C129EBCD}.Debug|Any CPU.Build.0 = Debug|Any CPU
		{E2639548-45E4-40B6-84B4-93C2C129EBCD}.Release|Any CPU.ActiveCfg = Release|Any CPU
		{E2639548-45E4-40B6-84B4-93C2C129EBCD}.Release|Any CPU.Build.0 = Release|Any CPU
		{D6B7274D-B4DD-4C1C-890F-C4C6EC51BF25}.Debug|Any CPU.ActiveCfg = Debug|Any CPU
		{D6B7274D-B4DD-4C1C-890F-C4C6EC51BF25}.Debug|Any CPU.Build.0 = Debug|Any CPU
		{D6B7274D-B4DD-4C1C-890F-C4C6EC51BF25}.Release|Any CPU.ActiveCfg = Release|Any CPU
		{D6B7274D-B4DD-4C1C-890F-C4C6EC51BF25}.Release|Any CPU.Build.0 = Release|Any CPU
		{2133717B-BD4E-4133-9216-19A85E3625F3}.Debug|Any CPU.ActiveCfg = Debug|Any CPU
		{2133717B-BD4E-4133-9216-19A85E3625F3}.Debug|Any CPU.Build.0 = Debug|Any CPU
		{2133717B-BD4E-4133-9216-19A85E3625F3}.Release|Any CPU.ActiveCfg = Release|Any CPU
		{2133717B-BD4E-4133-9216-19A85E3625F3}.Release|Any CPU.Build.0 = Release|Any CPU
		{5EA6608F-6709-4A85-A818-F455BACEF322}.Debug|Any CPU.ActiveCfg = Debug|Any CPU
		{5EA6608F-6709-4A85-A818-F455BACEF322}.Debug|Any CPU.Build.0 = Debug|Any CPU
		{5EA6608F-6709-4A85-A818-F455BACEF322}.Release|Any CPU.ActiveCfg = Release|Any CPU
		{5EA6608F-6709-4A85-A818-F455BACEF322}.Release|Any CPU.Build.0 = Release|Any CPU
	EndGlobalSection
	GlobalSection(SolutionProperties) = preSolution
		HideSolutionNode = FALSE
	EndGlobalSection
	GlobalSection(ExtensibilityGlobals) = postSolution
		SolutionGuid = {C9CBE4BB-7FEF-4DB0-B00D-976468E5E00E}
	EndGlobalSection
EndGlobal
